
Microsoft Visual Studio Solution File, Format Version 12.00
# Visual Studio Version 17
VisualStudioVersion = 17.9.34728.123
MinimumVisualStudioVersion = 10.0.40219.1
Project("{FAE04EC0-301F-11D3-BF4B-00C04F79EFBC}") = "VOWatcher", "BusinessApp\VOWatcher.csproj", "{6310F2ED-75D6-45BC-BEC0-F5E50B958F3F}"
EndProject
Project("{FAE04EC0-301F-11D3-BF4B-00C04F79EFBC}") = "BusinessData", "BusinessData\BusinessData.csproj", "{3EC09233-A563-46EA-B090-D70481156549}"
EndProject
Project("{FAE04EC0-301F-11D3-BF4B-00C04F79EFBC}") = "BusinessService", "BusinessService\BusinessService.csproj", "{DD1B0B03-7796-4FB1-B4E8-64F942E73BAE}"
EndProject
Project("{FAE04EC0-301F-11D3-BF4B-00C04F79EFBC}") = "VOAPIService", "VOAPIService\VOAPIService.csproj", "{DDFD6D21-2D57-45DA-ADC2-B6629CBC94A8}"
EndProject
Project("{FAE04EC0-301F-11D3-BF4B-00C04F79EFBC}") = "VOWatcherWFPApp", "VOWatcherWFPApp\VOWatcherWFPApp.csproj", "{D17810B2-3A86-4EA2-B527-650643FF15E8}"
EndProject
Global
	GlobalSection(SolutionConfigurationPlatforms) = preSolution
		Debug|Any CPU = Debug|Any CPU
		Release|Any CPU = Release|Any CPU
	EndGlobalSection
	GlobalSection(ProjectConfigurationPlatforms) = postSolution
		{6310F2ED-75D6-45BC-BEC0-F5E50B958F3F}.Debug|Any CPU.ActiveCfg = Debug|Any CPU
		{6310F2ED-75D6-45BC-BEC0-F5E50B958F3F}.Debug|Any CPU.Build.0 = Debug|Any CPU
		{6310F2ED-75D6-45BC-BEC0-F5E50B958F3F}.Release|Any CPU.ActiveCfg = Release|Any CPU
		{6310F2ED-75D6-45BC-BEC0-F5E50B958F3F}.Release|Any CPU.Build.0 = Release|Any CPU
		{3EC09233-A563-46EA-B090-D70481156549}.Debug|Any CPU.ActiveCfg = Debug|Any CPU
		{3EC09233-A563-46EA-B090-D70481156549}.Debug|Any CPU.Build.0 = Debug|Any CPU
		{3EC09233-A563-46EA-B090-D70481156549}.Release|Any CPU.ActiveCfg = Release|Any CPU
		{3EC09233-A563-46EA-B090-D70481156549}.Release|Any CPU.Build.0 = Release|Any CPU
		{DD1B0B03-7796-4FB1-B4E8-64F942E73BAE}.Debug|Any CPU.ActiveCfg = Debug|Any CPU
		{DD1B0B03-7796-4FB1-B4E8-64F942E73BAE}.Debug|Any CPU.Build.0 = Debug|Any CPU
		{DD1B0B03-7796-4FB1-B4E8-64F942E73BAE}.Release|Any CPU.ActiveCfg = Release|Any CPU
		{DD1B0B03-7796-4FB1-B4E8-64F942E73BAE}.Release|Any CPU.Build.0 = Release|Any CPU
		{DDFD6D21-2D57-45DA-ADC2-B6629CBC94A8}.Debug|Any CPU.ActiveCfg = Debug|Any CPU
		{DDFD6D21-2D57-45DA-ADC2-B6629CBC94A8}.Debug|Any CPU.Build.0 = Debug|Any CPU
		{DDFD6D21-2D57-45DA-ADC2-B6629CBC94A8}.Release|Any CPU.ActiveCfg = Release|Any CPU
		{DDFD6D21-2D57-45DA-ADC2-B6629CBC94A8}.Release|Any CPU.Build.0 = Release|Any CPU
		{D17810B2-3A86-4EA2-B527-650643FF15E8}.Debug|Any CPU.ActiveCfg = Debug|Any CPU
		{D17810B2-3A86-4EA2-B527-650643FF15E8}.Debug|Any CPU.Build.0 = Debug|Any CPU
		{D17810B2-3A86-4EA2-B527-650643FF15E8}.Release|Any CPU.ActiveCfg = Release|Any CPU
		{D17810B2-3A86-4EA2-B527-650643FF15E8}.Release|Any CPU.Build.0 = Release|Any CPU
	EndGlobalSection
	GlobalSection(SolutionProperties) = preSolution
		HideSolutionNode = FALSE
	EndGlobalSection
	GlobalSection(ExtensibilityGlobals) = postSolution
		SolutionGuid = {A9B1B557-EF31-4D91-89F7-7A9D895B2EAC}
	EndGlobalSection
EndGlobal
